
Microsoft Visual Studio Solution File, Format Version 12.00
# Visual Studio Version 16
VisualStudioVersion = 16.0.29709.97
MinimumVisualStudioVersion = 10.0.40219.1
Project("{FAE04EC0-301F-11D3-BF4B-00C04F79EFBC}") = "Pileczki", "Pileczki\Pileczki.csproj", "{D4BF5858-F2AA-42DC-A3B6-073CF40E8D5D}"
EndProject
Project("{FAE04EC0-301F-11D3-BF4B-00C04F79EFBC}") = "PileczkiTest", "PileczkiTest\PileczkiTest.csproj", "{65727A9E-BC57-4402-90D2-974B6CBF68E0}"
EndProject
Global
	GlobalSection(SolutionConfigurationPlatforms) = preSolution
		Debug|Any CPU = Debug|Any CPU
		Release|Any CPU = Release|Any CPU
	EndGlobalSection
	GlobalSection(ProjectConfigurationPlatforms) = postSolution
		{D4BF5858-F2AA-42DC-A3B6-073CF40E8D5D}.Debug|Any CPU.ActiveCfg = Debug|Any CPU
		{D4BF5858-F2AA-42DC-A3B6-073CF40E8D5D}.Debug|Any CPU.Build.0 = Debug|Any CPU
		{D4BF5858-F2AA-42DC-A3B6-073CF40E8D5D}.Release|Any CPU.ActiveCfg = Release|Any CPU
		{D4BF5858-F2AA-42DC-A3B6-073CF40E8D5D}.Release|Any CPU.Build.0 = Release|Any CPU
		{65727A9E-BC57-4402-90D2-974B6CBF68E0}.Debug|Any CPU.ActiveCfg = Debug|Any CPU
		{65727A9E-BC57-4402-90D2-974B6CBF68E0}.Debug|Any CPU.Build.0 = Debug|Any CPU
		{65727A9E-BC57-4402-90D2-974B6CBF68E0}.Release|Any CPU.ActiveCfg = Release|Any CPU
		{65727A9E-BC57-4402-90D2-974B6CBF68E0}.Release|Any CPU.Build.0 = Release|Any CPU
	EndGlobalSection
	GlobalSection(SolutionProperties) = preSolution
		HideSolutionNode = FALSE
	EndGlobalSection
	GlobalSection(ExtensibilityGlobals) = postSolution
		SolutionGuid = {2B280DA2-1532-4A34-87D5-B1C20836E57C}
	EndGlobalSection
EndGlobal
